
Microsoft Visual Studio Solution File, Format Version 12.00
# Visual Studio Version 16
VisualStudioVersion = 16.0.29613.14
MinimumVisualStudioVersion = 10.0.40219.1
Project("{FAE04EC0-301F-11D3-BF4B-00C04F79EFBC}") = "Exercise7", "Exercise7\Exercise7.csproj", "{6DCD5714-92CA-4322-93A9-E41F3668A4B2}"
EndProject
Global
	GlobalSection(SolutionConfigurationPlatforms) = preSolution
		Debug|Any CPU = Debug|Any CPU
		Release|Any CPU = Release|Any CPU
	EndGlobalSection
	GlobalSection(ProjectConfigurationPlatforms) = postSolution
		{6DCD5714-92CA-4322-93A9-E41F3668A4B2}.Debug|Any CPU.ActiveCfg = Debug|Any CPU
		{6DCD5714-92CA-4322-93A9-E41F3668A4B2}.Debug|Any CPU.Build.0 = Debug|Any CPU
		{6DCD5714-92CA-4322-93A9-E41F3668A4B2}.Release|Any CPU.ActiveCfg = Release|Any CPU
		{6DCD5714-92CA-4322-93A9-E41F3668A4B2}.Release|Any CPU.Build.0 = Release|Any CPU
	EndGlobalSection
	GlobalSection(SolutionProperties) = preSolution
		HideSolutionNode = FALSE
	EndGlobalSection
	GlobalSection(ExtensibilityGlobals) = postSolution
		SolutionGuid = {071FB8CB-781A-4624-A03A-E642A3EC8A4A}
	EndGlobalSection
EndGlobal
