
Microsoft Visual Studio Solution File, Format Version 12.00
# Visual Studio Version 16
VisualStudioVersion = 16.0.29613.14
MinimumVisualStudioVersion = 10.0.40219.1
Project("{FAE04EC0-301F-11D3-BF4B-00C04F79EFBC}") = "ProgrammingProject4", "ProgrammingProject4\ProgrammingProject4.csproj", "{F0280E68-ED18-46BA-893E-F067A13D4125}"
EndProject
Global
	GlobalSection(SolutionConfigurationPlatforms) = preSolution
		Debug|Any CPU = Debug|Any CPU
		Release|Any CPU = Release|Any CPU
	EndGlobalSection
	GlobalSection(ProjectConfigurationPlatforms) = postSolution
		{F0280E68-ED18-46BA-893E-F067A13D4125}.Debug|Any CPU.ActiveCfg = Debug|Any CPU
		{F0280E68-ED18-46BA-893E-F067A13D4125}.Debug|Any CPU.Build.0 = Debug|Any CPU
		{F0280E68-ED18-46BA-893E-F067A13D4125}.Release|Any CPU.ActiveCfg = Release|Any CPU
		{F0280E68-ED18-46BA-893E-F067A13D4125}.Release|Any CPU.Build.0 = Release|Any CPU
	EndGlobalSection
	GlobalSection(SolutionProperties) = preSolution
		HideSolutionNode = FALSE
	EndGlobalSection
	GlobalSection(ExtensibilityGlobals) = postSolution
		SolutionGuid = {CDEE37E4-310F-483D-929D-CC52587B8446}
	EndGlobalSection
EndGlobal
