
Microsoft Visual Studio Solution File, Format Version 12.00
# Visual Studio Version 16
VisualStudioVersion = 16.0.29613.14
MinimumVisualStudioVersion = 10.0.40219.1
Project("{FAE04EC0-301F-11D3-BF4B-00C04F79EFBC}") = "Exercise4", "Exercise4\Exercise4.csproj", "{6994F5DC-53FA-4630-8D0C-AB2972A55D69}"
EndProject
Global
	GlobalSection(SolutionConfigurationPlatforms) = preSolution
		Debug|Any CPU = Debug|Any CPU
		Release|Any CPU = Release|Any CPU
	EndGlobalSection
	GlobalSection(ProjectConfigurationPlatforms) = postSolution
		{6994F5DC-53FA-4630-8D0C-AB2972A55D69}.Debug|Any CPU.ActiveCfg = Debug|Any CPU
		{6994F5DC-53FA-4630-8D0C-AB2972A55D69}.Debug|Any CPU.Build.0 = Debug|Any CPU
		{6994F5DC-53FA-4630-8D0C-AB2972A55D69}.Release|Any CPU.ActiveCfg = Release|Any CPU
		{6994F5DC-53FA-4630-8D0C-AB2972A55D69}.Release|Any CPU.Build.0 = Release|Any CPU
	EndGlobalSection
	GlobalSection(SolutionProperties) = preSolution
		HideSolutionNode = FALSE
	EndGlobalSection
	GlobalSection(ExtensibilityGlobals) = postSolution
		SolutionGuid = {54FE5F0F-FF08-4F74-8C58-280B4058FEB3}
	EndGlobalSection
EndGlobal
